{
  "name": "presentable_policy_compiler",
  "version": "0.0.6",
  "lockfileVersion": 1,
  "dependencies": {
    "antlr4": {
      "version": "4.7.0",
      "resolved": "https://registry.npmjs.org/antlr4/-/antlr4-4.7.0.tgz",
      "integrity": "sha1-KX+VbdwG+DOX/AmQ7PLgzyC/u+4="
    },
    "presentable_policy_lang": {
      "version": "1.0.2",
      "resolved": "https://registry.npmjs.org/presentable_policy_lang/-/presentable_policy_lang-1.0.2.tgz",
      "integrity": "sha512-1sfGn5jWU3LcfrJeUYNiZKk9Gh/rn4Nm28f4IPR8O9aqq7z8EXHl+rORJOYeN/P+tHp5viiMisBkeCB/UxU60Q=="
    },
    "underscore": {
      "version": "1.8.3",
      "resolved": "https://registry.npmjs.org/underscore/-/underscore-1.8.3.tgz",
      "integrity": "sha1-Tz+1OxBuYJf8+ctBCfKl6b36UCI="
    }
  }
}
